
Microsoft Visual Studio Solution File, Format Version 12.00
# Visual Studio Version 17
VisualStudioVersion = 17.8.34511.84
MinimumVisualStudioVersion = 10.0.40219.1
Project("{FAE04EC0-301F-11D3-BF4B-00C04F79EFBC}") = "E-CommercePraticeModel", "E-CommercePraticeModel.csproj", "{4A398883-3DE5-42A3-AE74-E1E24896C2B0}"
EndProject
Global
	GlobalSection(SolutionConfigurationPlatforms) = preSolution
		Debug|Any CPU = Debug|Any CPU
		Release|Any CPU = Release|Any CPU
	EndGlobalSection
	GlobalSection(ProjectConfigurationPlatforms) = postSolution
		{4A398883-3DE5-42A3-AE74-E1E24896C2B0}.Debug|Any CPU.ActiveCfg = Debug|Any CPU
		{4A398883-3DE5-42A3-AE74-E1E24896C2B0}.Debug|Any CPU.Build.0 = Debug|Any CPU
		{4A398883-3DE5-42A3-AE74-E1E24896C2B0}.Release|Any CPU.ActiveCfg = Release|Any CPU
		{4A398883-3DE5-42A3-AE74-E1E24896C2B0}.Release|Any CPU.Build.0 = Release|Any CPU
	EndGlobalSection
	GlobalSection(SolutionProperties) = preSolution
		HideSolutionNode = FALSE
	EndGlobalSection
	GlobalSection(ExtensibilityGlobals) = postSolution
		SolutionGuid = {11BFB5BD-487B-4B2D-B611-A8A1B5821817}
	EndGlobalSection
EndGlobal
